
Microsoft Visual Studio Solution File, Format Version 12.00
# Visual Studio 15
VisualStudioVersion = 15.0.28010.2019
MinimumVisualStudioVersion = 10.0.40219.1
Project("{FAE04EC0-301F-11D3-BF4B-00C04F79EFBC}") = "UniProject", "UniProject\UniProject.csproj", "{6091E9C9-10AD-474A-A113-3E784135B32F}"
EndProject
Project("{FAE04EC0-301F-11D3-BF4B-00C04F79EFBC}") = "DAL", "DAL\DAL.csproj", "{4D520E4A-DBA1-401F-BE53-0738417AC38E}"
EndProject
Project("{FAE04EC0-301F-11D3-BF4B-00C04F79EFBC}") = "DTO", "DTO\DTO.csproj", "{D56747BF-AD6C-4B73-83DD-1ECD094350DB}"
EndProject
Project("{FAE04EC0-301F-11D3-BF4B-00C04F79EFBC}") = "BLL", "BLL\BLL.csproj", "{C928C10C-538B-4B90-A9DF-130A16E6BEB6}"
EndProject
Global
	GlobalSection(SolutionConfigurationPlatforms) = preSolution
		Debug|Any CPU = Debug|Any CPU
		Release|Any CPU = Release|Any CPU
	EndGlobalSection
	GlobalSection(ProjectConfigurationPlatforms) = postSolution
		{6091E9C9-10AD-474A-A113-3E784135B32F}.Debug|Any CPU.ActiveCfg = Debug|Any CPU
		{6091E9C9-10AD-474A-A113-3E784135B32F}.Debug|Any CPU.Build.0 = Debug|Any CPU
		{6091E9C9-10AD-474A-A113-3E784135B32F}.Release|Any CPU.ActiveCfg = Release|Any CPU
		{6091E9C9-10AD-474A-A113-3E784135B32F}.Release|Any CPU.Build.0 = Release|Any CPU
		{4D520E4A-DBA1-401F-BE53-0738417AC38E}.Debug|Any CPU.ActiveCfg = Debug|Any CPU
		{4D520E4A-DBA1-401F-BE53-0738417AC38E}.Debug|Any CPU.Build.0 = Debug|Any CPU
		{4D520E4A-DBA1-401F-BE53-0738417AC38E}.Release|Any CPU.ActiveCfg = Release|Any CPU
		{4D520E4A-DBA1-401F-BE53-0738417AC38E}.Release|Any CPU.Build.0 = Release|Any CPU
		{D56747BF-AD6C-4B73-83DD-1ECD094350DB}.Debug|Any CPU.ActiveCfg = Debug|Any CPU
		{D56747BF-AD6C-4B73-83DD-1ECD094350DB}.Debug|Any CPU.Build.0 = Debug|Any CPU
		{D56747BF-AD6C-4B73-83DD-1ECD094350DB}.Release|Any CPU.ActiveCfg = Release|Any CPU
		{D56747BF-AD6C-4B73-83DD-1ECD094350DB}.Release|Any CPU.Build.0 = Release|Any CPU
		{C928C10C-538B-4B90-A9DF-130A16E6BEB6}.Debug|Any CPU.ActiveCfg = Debug|Any CPU
		{C928C10C-538B-4B90-A9DF-130A16E6BEB6}.Debug|Any CPU.Build.0 = Debug|Any CPU
		{C928C10C-538B-4B90-A9DF-130A16E6BEB6}.Release|Any CPU.ActiveCfg = Release|Any CPU
		{C928C10C-538B-4B90-A9DF-130A16E6BEB6}.Release|Any CPU.Build.0 = Release|Any CPU
	EndGlobalSection
	GlobalSection(SolutionProperties) = preSolution
		HideSolutionNode = FALSE
	EndGlobalSection
	GlobalSection(ExtensibilityGlobals) = postSolution
		SolutionGuid = {C34101A4-F7FF-4C08-B612-24279C877429}
	EndGlobalSection
EndGlobal
